
Microsoft Visual Studio Solution File, Format Version 12.00
# Visual Studio Version 16
VisualStudioVersion = 16.0.31729.503
MinimumVisualStudioVersion = 10.0.40219.1
Project("{FAE04EC0-301F-11D3-BF4B-00C04F79EFBC}") = "Contact-List", "Contact-List.csproj", "{59BCB2FE-C36E-4A64-8444-1D9EBB0F07AC}"
EndProject
Project("{FAE04EC0-301F-11D3-BF4B-00C04F79EFBC}") = "UnitTestContactList", "..\UnitTestContactList\UnitTestContactList.csproj", "{54639D3F-86C9-41C0-9301-3ED855DA84F4}"
EndProject
Global
	GlobalSection(SolutionConfigurationPlatforms) = preSolution
		Debug|Any CPU = Debug|Any CPU
		Release|Any CPU = Release|Any CPU
	EndGlobalSection
	GlobalSection(ProjectConfigurationPlatforms) = postSolution
		{59BCB2FE-C36E-4A64-8444-1D9EBB0F07AC}.Debug|Any CPU.ActiveCfg = Debug|Any CPU
		{59BCB2FE-C36E-4A64-8444-1D9EBB0F07AC}.Debug|Any CPU.Build.0 = Debug|Any CPU
		{59BCB2FE-C36E-4A64-8444-1D9EBB0F07AC}.Release|Any CPU.ActiveCfg = Release|Any CPU
		{59BCB2FE-C36E-4A64-8444-1D9EBB0F07AC}.Release|Any CPU.Build.0 = Release|Any CPU
		{54639D3F-86C9-41C0-9301-3ED855DA84F4}.Debug|Any CPU.ActiveCfg = Debug|Any CPU
		{54639D3F-86C9-41C0-9301-3ED855DA84F4}.Debug|Any CPU.Build.0 = Debug|Any CPU
		{54639D3F-86C9-41C0-9301-3ED855DA84F4}.Release|Any CPU.ActiveCfg = Release|Any CPU
		{54639D3F-86C9-41C0-9301-3ED855DA84F4}.Release|Any CPU.Build.0 = Release|Any CPU
	EndGlobalSection
	GlobalSection(SolutionProperties) = preSolution
		HideSolutionNode = FALSE
	EndGlobalSection
	GlobalSection(ExtensibilityGlobals) = postSolution
		SolutionGuid = {33EAE9EB-D92D-4717-A979-8F4F1A373DFA}
	EndGlobalSection
EndGlobal
